
Microsoft Visual Studio Solution File, Format Version 12.00
# Visual Studio Version 16
VisualStudioVersion = 16.0.32413.511
MinimumVisualStudioVersion = 10.0.40219.1
Project("{FAE04EC0-301F-11D3-BF4B-00C04F79EFBC}") = "MVC", "MVC\MVC.csproj", "{BFA8A7B4-BC5E-4D5A-85B2-14BDEF31A6B6}"
EndProject
Global
	GlobalSection(SolutionConfigurationPlatforms) = preSolution
		Debug|Any CPU = Debug|Any CPU
		Release|Any CPU = Release|Any CPU
	EndGlobalSection
	GlobalSection(ProjectConfigurationPlatforms) = postSolution
		{BFA8A7B4-BC5E-4D5A-85B2-14BDEF31A6B6}.Debug|Any CPU.ActiveCfg = Debug|Any CPU
		{BFA8A7B4-BC5E-4D5A-85B2-14BDEF31A6B6}.Debug|Any CPU.Build.0 = Debug|Any CPU
		{BFA8A7B4-BC5E-4D5A-85B2-14BDEF31A6B6}.Release|Any CPU.ActiveCfg = Release|Any CPU
		{BFA8A7B4-BC5E-4D5A-85B2-14BDEF31A6B6}.Release|Any CPU.Build.0 = Release|Any CPU
	EndGlobalSection
	GlobalSection(SolutionProperties) = preSolution
		HideSolutionNode = FALSE
	EndGlobalSection
	GlobalSection(ExtensibilityGlobals) = postSolution
		SolutionGuid = {AA21A098-E366-4799-9E83-CD082F034C26}
	EndGlobalSection
EndGlobal
